
Microsoft Visual Studio Solution File, Format Version 12.00
# Visual Studio Version 16
VisualStudioVersion = 16.0.30621.155
MinimumVisualStudioVersion = 10.0.40219.1
Project("{FAE04EC0-301F-11D3-BF4B-00C04F79EFBC}") = "Muresan_Roberta_Andreea", "Muresan_Roberta_Andreea\Muresan_Roberta_Andreea.csproj", "{B8B38820-5A8A-47A2-9DA8-F423968DD962}"
EndProject
Global
	GlobalSection(SolutionConfigurationPlatforms) = preSolution
		Debug|Any CPU = Debug|Any CPU
		Release|Any CPU = Release|Any CPU
	EndGlobalSection
	GlobalSection(ProjectConfigurationPlatforms) = postSolution
		{B8B38820-5A8A-47A2-9DA8-F423968DD962}.Debug|Any CPU.ActiveCfg = Debug|Any CPU
		{B8B38820-5A8A-47A2-9DA8-F423968DD962}.Debug|Any CPU.Build.0 = Debug|Any CPU
		{B8B38820-5A8A-47A2-9DA8-F423968DD962}.Release|Any CPU.ActiveCfg = Release|Any CPU
		{B8B38820-5A8A-47A2-9DA8-F423968DD962}.Release|Any CPU.Build.0 = Release|Any CPU
	EndGlobalSection
	GlobalSection(SolutionProperties) = preSolution
		HideSolutionNode = FALSE
	EndGlobalSection
	GlobalSection(ExtensibilityGlobals) = postSolution
		SolutionGuid = {AFB7EF1D-4990-4CE8-80BB-698CA8C14B9A}
	EndGlobalSection
EndGlobal
